# This file is automatically @generated by Cargo.
# It is not intended for manual editing.
version = 3

[[package]]
name = "advent-of-code-2021-1-1"
version = "0.1.0"

[[package]]
name = "advent-of-code-2021-1-2"
version = "0.1.0"

[[package]]
name = "advent-of-code-2021-4-1"
version = "0.1.0"
dependencies = [
 "serde",
]

[[package]]
name = "serde"
version = "1.0.131"
source = "registry+https://github.com/rust-lang/crates.io-index"
checksum = "b4ad69dfbd3e45369132cc64e6748c2d65cdfb001a2b1c232d128b4ad60561c1"
